
Microsoft Visual Studio Solution File, Format Version 12.00
# Visual Studio 15
VisualStudioVersion = 15.0.28307.329
MinimumVisualStudioVersion = 10.0.40219.1
Project("{FAE04EC0-301F-11D3-BF4B-00C04F79EFBC}") = "EventDrivenProgramming", "WebApplication4\EventDrivenProgramming.csproj", "{5F6122BA-F14A-42C5-996F-AA41F1301035}"
EndProject
Global
	GlobalSection(SolutionConfigurationPlatforms) = preSolution
		Debug|Any CPU = Debug|Any CPU
		Release|Any CPU = Release|Any CPU
	EndGlobalSection
	GlobalSection(ProjectConfigurationPlatforms) = postSolution
		{5F6122BA-F14A-42C5-996F-AA41F1301035}.Debug|Any CPU.ActiveCfg = Debug|Any CPU
		{5F6122BA-F14A-42C5-996F-AA41F1301035}.Debug|Any CPU.Build.0 = Debug|Any CPU
		{5F6122BA-F14A-42C5-996F-AA41F1301035}.Release|Any CPU.ActiveCfg = Release|Any CPU
		{5F6122BA-F14A-42C5-996F-AA41F1301035}.Release|Any CPU.Build.0 = Release|Any CPU
	EndGlobalSection
	GlobalSection(SolutionProperties) = preSolution
		HideSolutionNode = FALSE
	EndGlobalSection
	GlobalSection(ExtensibilityGlobals) = postSolution
		SolutionGuid = {CFC24235-27E3-4760-88D9-24116A72B466}
	EndGlobalSection
EndGlobal
